
Microsoft Visual Studio Solution File, Format Version 12.00
# Visual Studio Version 16
VisualStudioVersion = 16.0.33423.256
MinimumVisualStudioVersion = 10.0.40219.1
Project("{FAE04EC0-301F-11D3-BF4B-00C04F79EFBC}") = "MojBroj", "MojBroj\MojBroj.csproj", "{82615D6C-0807-4F8E-B302-CDBCFF1FA6D2}"
EndProject
Global
	GlobalSection(SolutionConfigurationPlatforms) = preSolution
		Debug|Any CPU = Debug|Any CPU
		Release|Any CPU = Release|Any CPU
	EndGlobalSection
	GlobalSection(ProjectConfigurationPlatforms) = postSolution
		{82615D6C-0807-4F8E-B302-CDBCFF1FA6D2}.Debug|Any CPU.ActiveCfg = Debug|Any CPU
		{82615D6C-0807-4F8E-B302-CDBCFF1FA6D2}.Debug|Any CPU.Build.0 = Debug|Any CPU
		{82615D6C-0807-4F8E-B302-CDBCFF1FA6D2}.Release|Any CPU.ActiveCfg = Release|Any CPU
		{82615D6C-0807-4F8E-B302-CDBCFF1FA6D2}.Release|Any CPU.Build.0 = Release|Any CPU
	EndGlobalSection
	GlobalSection(SolutionProperties) = preSolution
		HideSolutionNode = FALSE
	EndGlobalSection
	GlobalSection(ExtensibilityGlobals) = postSolution
		SolutionGuid = {49B34474-AE4D-47B4-B4B2-DFB61D5AC670}
	EndGlobalSection
EndGlobal
